
Microsoft Visual Studio Solution File, Format Version 12.00
# Visual Studio Version 17
VisualStudioVersion = 17.5.002.0
MinimumVisualStudioVersion = 10.0.40219.1
Project("{9A19103F-16F7-4668-BE54-9A1E7A4F7556}") = "IdentityDemo", "IdentityDemo.csproj", "{0F7BB228-C378-45E2-A710-9E8F301C4476}"
EndProject
Global
	GlobalSection(SolutionConfigurationPlatforms) = preSolution
		Debug|Any CPU = Debug|Any CPU
		Release|Any CPU = Release|Any CPU
	EndGlobalSection
	GlobalSection(ProjectConfigurationPlatforms) = postSolution
		{0F7BB228-C378-45E2-A710-9E8F301C4476}.Debug|Any CPU.ActiveCfg = Debug|Any CPU
		{0F7BB228-C378-45E2-A710-9E8F301C4476}.Debug|Any CPU.Build.0 = Debug|Any CPU
		{0F7BB228-C378-45E2-A710-9E8F301C4476}.Release|Any CPU.ActiveCfg = Release|Any CPU
		{0F7BB228-C378-45E2-A710-9E8F301C4476}.Release|Any CPU.Build.0 = Release|Any CPU
	EndGlobalSection
	GlobalSection(SolutionProperties) = preSolution
		HideSolutionNode = FALSE
	EndGlobalSection
	GlobalSection(ExtensibilityGlobals) = postSolution
		SolutionGuid = {F48CB047-C051-4BDE-8688-F03EEB49226D}
	EndGlobalSection
EndGlobal
